{
  "nodes": {
    "crane": {
      "locked": {
        "lastModified": 1777335812,
        "narHash": "sha256-bEg5xoAxAwsyfnGhkEX7RJViTIBIYPd8ISg4O1c0HFc=",
        "owner": "ipetkov",
        "repo": "crane",
        "rev": "5e0fb2f64edff2822249f21293b8304dedaaf676",
        "type": "github"
      },
      "original": {
        "owner": "ipetkov",
        "repo": "crane",
        "type": "github"
      }
    },
    "flake-utils": {
      "inputs": {
        "systems": "systems"
      },
      "locked": {
        "lastModified": 1731533236,
        "narHash": "sha256-l0KFg5HjrsfsO/JpG+r7fRrqm12kzFHyUHqHCVpMMbI=",
        "owner": "numtide",
        "repo": "flake-utils",
        "rev": "11707dc2f618dd54ca8739b309ec4fc024de578b",
        "type": "github"
      },
      "original": {
        "owner": "numtide",
        "repo": "flake-utils",
        "type": "github"
      }
    },
    "nixos-appstream-data": {
      "inputs": {
        "flake-utils": [
          "flake-utils"
        ],
        "nixpkgs": [
          "nixpkgs"
        ]
      },
      "locked": {
        "lastModified": 1712858390,
        "narHash": "sha256-XE7gr+zU3N4SHPAhsgk8cVAFp1iBg+Lxxp3y4dUF1vE=",
        "owner": "korfuri",
        "repo": "nixos-appstream-data",
        "rev": "0465d42a4433faa63b7a5eb0b8d397937c9fc13a",
        "type": "github"
      },
      "original": {
        "owner": "korfuri",
        "ref": "flake",
        "repo": "nixos-appstream-data",
        "type": "github"
      }
    },
    "nixpkgs": {
      "locked": {
        "lastModified": 1777535302,
        "narHash": "sha256-Ckk7ATrUBv1R+ag63Etx/yZtHYDhf3JIVzCYcsqT2Ag=",
        "ref": "nixos-unstable",
        "rev": "c8275e8a7ae61034d3b29bfe9e8075c765fc6c49",
        "shallow": true,
        "type": "git",
        "url": "https://git.oss.uzinfocom.uz/xinux/nixpkgs"
      },
      "original": {
        "ref": "nixos-unstable",
        "shallow": true,
        "type": "git",
        "url": "https://git.oss.uzinfocom.uz/xinux/nixpkgs"
      }
    },
    "root": {
      "inputs": {
        "crane": "crane",
        "flake-utils": "flake-utils",
        "nixos-appstream-data": "nixos-appstream-data",
        "nixpkgs": "nixpkgs"
      }
    },
    "systems": {
      "locked": {
        "lastModified": 1681028828,
        "narHash": "sha256-Vy1rq5AaRuLzOxct8nz4T6wlgyUR7zLU309k9mBC768=",
        "owner": "nix-systems",
        "repo": "default",
        "rev": "da67096a3b9bf56a91d16901293e51ba5b49a27e",
        "type": "github"
      },
      "original": {
        "owner": "nix-systems",
        "repo": "default",
        "type": "github"
      }
    }
  },
  "root": "root",
  "version": 7
}
